
Microsoft Visual Studio Solution File, Format Version 12.00
# Visual Studio Version 17
VisualStudioVersion = 17.7.34221.43
MinimumVisualStudioVersion = 10.0.40219.1
Project("{2150E333-8FDC-42A3-9474-1A3956D46DE8}") = "Src", "Src", "{D5D1D172-559B-43E9-ACE5-4569788A9AFB}"
EndProject
Project("{FAE04EC0-301F-11D3-BF4B-00C04F79EFBC}") = "Domain", "Domain\Domain.csproj", "{F9766606-103C-40F7-A8AA-49D917461AB5}"
EndProject
Project("{FAE04EC0-301F-11D3-BF4B-00C04F79EFBC}") = "Applicaton", "Applicaton\Applicaton.csproj", "{3C2E3C56-6D40-446F-9EA5-109F6901B23E}"
EndProject
Global
	GlobalSection(SolutionConfigurationPlatforms) = preSolution
		Debug|Any CPU = Debug|Any CPU
		Release|Any CPU = Release|Any CPU
	EndGlobalSection
	GlobalSection(ProjectConfigurationPlatforms) = postSolution
		{F9766606-103C-40F7-A8AA-49D917461AB5}.Debug|Any CPU.ActiveCfg = Debug|Any CPU
		{F9766606-103C-40F7-A8AA-49D917461AB5}.Debug|Any CPU.Build.0 = Debug|Any CPU
		{F9766606-103C-40F7-A8AA-49D917461AB5}.Release|Any CPU.ActiveCfg = Release|Any CPU
		{F9766606-103C-40F7-A8AA-49D917461AB5}.Release|Any CPU.Build.0 = Release|Any CPU
		{3C2E3C56-6D40-446F-9EA5-109F6901B23E}.Debug|Any CPU.ActiveCfg = Debug|Any CPU
		{3C2E3C56-6D40-446F-9EA5-109F6901B23E}.Debug|Any CPU.Build.0 = Debug|Any CPU
		{3C2E3C56-6D40-446F-9EA5-109F6901B23E}.Release|Any CPU.ActiveCfg = Release|Any CPU
		{3C2E3C56-6D40-446F-9EA5-109F6901B23E}.Release|Any CPU.Build.0 = Release|Any CPU
	EndGlobalSection
	GlobalSection(SolutionProperties) = preSolution
		HideSolutionNode = FALSE
	EndGlobalSection
	GlobalSection(NestedProjects) = preSolution
		{F9766606-103C-40F7-A8AA-49D917461AB5} = {D5D1D172-559B-43E9-ACE5-4569788A9AFB}
		{3C2E3C56-6D40-446F-9EA5-109F6901B23E} = {D5D1D172-559B-43E9-ACE5-4569788A9AFB}
	EndGlobalSection
	GlobalSection(ExtensibilityGlobals) = postSolution
		SolutionGuid = {BCCA3AA0-3097-417E-9C4F-5796351A0DDF}
	EndGlobalSection
EndGlobal
